
Microsoft Visual Studio Solution File, Format Version 12.00
Project("{2150E333-8FDC-42A3-9474-1A3956D46DE8}") = "src", "src", "{B73B80C0-109C-41E1-8FC3-ECBFDB3F0344}"
EndProject
Project("{2150E333-8FDC-42A3-9474-1A3956D46DE8}") = "Backend", "Backend", "{32D1B9E3-A702-4513-AC74-E76432A88F02}"
EndProject
Project("{FAE04EC0-301F-11D3-BF4B-00C04F79EFBC}") = "GameService", "src\Backend\GameService\GameService.csproj", "{38766F61-3556-40CC-9A08-580BBA728422}"
EndProject
Global
	GlobalSection(SolutionConfigurationPlatforms) = preSolution
		Debug|Any CPU = Debug|Any CPU
		Release|Any CPU = Release|Any CPU
	EndGlobalSection
	GlobalSection(ProjectConfigurationPlatforms) = postSolution
		{38766F61-3556-40CC-9A08-580BBA728422}.Debug|Any CPU.ActiveCfg = Debug|Any CPU
		{38766F61-3556-40CC-9A08-580BBA728422}.Debug|Any CPU.Build.0 = Debug|Any CPU
		{38766F61-3556-40CC-9A08-580BBA728422}.Release|Any CPU.ActiveCfg = Release|Any CPU
		{38766F61-3556-40CC-9A08-580BBA728422}.Release|Any CPU.Build.0 = Release|Any CPU
	EndGlobalSection
	GlobalSection(NestedProjects) = preSolution
		{32D1B9E3-A702-4513-AC74-E76432A88F02} = {B73B80C0-109C-41E1-8FC3-ECBFDB3F0344}
		{38766F61-3556-40CC-9A08-580BBA728422} = {32D1B9E3-A702-4513-AC74-E76432A88F02}
	EndGlobalSection
EndGlobal
