Microsoft Visual Studio Solution File, Format Version 12.00
Project("{2150E333-8FDC-42A3-9474-1A3956D46DE8}") = "src", "src", "{B73B80C0-109C-41E1-8FC3-ECBFDB3F0344}"
EndProject
Project("{2150E333-8FDC-42A3-9474-1A3956D46DE8}") = "Backend", "Backend", "{32D1B9E3-A702-4513-AC74-E76432A88F02}"
EndProject
Project("{FAE04EC0-301F-11D3-BF4B-00C04F79EFBC}") = "GameStateService", "src\Backend\GameStateService\GameStateService.csproj", "{38766F61-3556-40CC-9A08-580BBA728422}"
EndProject
Project("{2150E333-8FDC-42A3-9474-1A3956D46DE8}") = "FrontEnd", "FrontEnd", "{C531BACD-38A8-0C3F-351D-3D453C08E313}"
EndProject
Project("{FAE04EC0-301F-11D3-BF4B-00C04F79EFBC}") = "TicTacToe.ServiceDefaults", "src\TicTacToe.ServiceDefaults\TicTacToe.ServiceDefaults.csproj", "{5119CD92-F74D-409F-8F11-585F256AB588}"
EndProject
Project("{FAE04EC0-301F-11D3-BF4B-00C04F79EFBC}") = "TicTacToe.AppHost", "src\TicTacToe.AppHost\TicTacToe.AppHost.csproj", "{87159E37-E859-4F4B-AEAD-EFCA87DF32AE}"
EndProject
Project("{FAE04EC0-301F-11D3-BF4B-00C04F79EFBC}") = "TicTacToeMud", "src\FrontEnd\TicTacToeMud\TicTacToeMud.csproj", "{CF2155D1-425D-4AE9-A686-A8A9315D201A}"
EndProject
Project("{FAE04EC0-301F-11D3-BF4B-00C04F79EFBC}") = "GameService", "src\Backend\GameService\GameService.csproj", "{28BD7577-ECA7-409E-8F51-8BEF5FC61E64}"
EndProject
Project("{2150E333-8FDC-42A3-9474-1A3956D46DE8}") = "Configuration", "Configuration", "{0FE31838-4DB5-4B47-BC10-DF05027E7FCC}"
EndProject
Project("{FAE04EC0-301F-11D3-BF4B-00C04F79EFBC}") = "GameNotificationService", "src\Backend\GameNotificationService\GameNotificationService.csproj", "{A927065B-C26E-4D01-BFDB-DC47E54F0EF1}"
EndProject
Project("{2150E333-8FDC-42A3-9474-1A3956D46DE8}") = "tests", "tests", "{0AB3BF05-4346-4AA6-1389-037BE0695223}"
EndProject
Project("{FAE04EC0-301F-11D3-BF4B-00C04F79EFBC}") = "GameNotificationService.UnitTests", "tests\GameNotificationService.UnitTests\GameNotificationService.UnitTests.csproj", "{15FBDD58-B0DF-4DC6-9D27-11C841281212}"
EndProject
Project("{FAE04EC0-301F-11D3-BF4B-00C04F79EFBC}") = "TicTacToeMud.Tests", "tests\TicTacToeMud.Tests\TicTacToeMud.Tests.csproj", "{A8473522-8822-4AD4-AC2C-BC41E5B39497}"
EndProject
Project("{FAE04EC0-301F-11D3-BF4B-00C04F79EFBC}") = "GameNotificationService.IntegrationTests", "tests\GameNotificationService.IntegrationTests\GameNotificationService.IntegrationTests.csproj", "{6A5F5A5C-64A6-4D3C-89A8-7E1A9191A6E2}"
EndProject
Project("{2150E333-8FDC-42A3-9474-1A3956D46DE8}") = "Shared", "Shared", "{A84D4A6A-1745-4C53-81F2-D8380EC05949}"
EndProject
Project("{FAE04EC0-301F-11D3-BF4B-00C04F79EFBC}") = "Service.Contracts", "src\Shared\Service.Contracts\Service.Contracts.csproj", "{FDCEAEF0-F790-4EE0-BF6B-89781911D7EA}"
EndProject
Project("{FAE04EC0-301F-11D3-BF4B-00C04F79EFBC}") = "GameService.IntegrationTests", "tests\GameService.IntegrationTests\GameService.IntegrationTests.csproj", "{2982F6CF-07DD-47CF-9053-96A318F709F3}"
EndProject
Project("{FAE04EC0-301F-11D3-BF4B-00C04F79EFBC}") = "TicTacToe.Testing", "tests\TicTacToe.Testing\TicTacToe.Testing.csproj", "{1D040D40-25F9-45D1-B8A3-7368908DA043}"
EndProject
Project("{FAE04EC0-301F-11D3-BF4B-00C04F79EFBC}") = "GameService.UnitTests", "tests\GameService.UnitTests\GameService.UnitTests.csproj", "{17C845FC-FF04-45FC-AC70-A17E00FFE258}"
EndProject
Project("{FAE04EC0-301F-11D3-BF4B-00C04F79EFBC}") = "UserService", "src\Backend\UserService\UserService.csproj", "{D7C47132-AB42-4A2F-8342-35B74DA99328}"
EndProject
Project("{FAE04EC0-301F-11D3-BF4B-00C04F79EFBC}") = "UserService.UnitTests", "tests\UserService.UnitTests\UserService.UnitTests.csproj", "{28633E57-0CC6-46F8-BB5A-4296B8835556}"
EndProject
Project("{FAE04EC0-301F-11D3-BF4B-00C04F79EFBC}") = "UserService.IntegrationTests", "tests\UserService.IntegrationTests\UserService.IntegrationTests.csproj", "{A753B7B0-8143-4E6E-A907-7548B11C5BA0}"
EndProject
Global
	GlobalSection(SolutionConfigurationPlatforms) = preSolution
		Debug|Any CPU = Debug|Any CPU
		Debug|x64 = Debug|x64
		Debug|x86 = Debug|x86
		Release|Any CPU = Release|Any CPU
		Release|x64 = Release|x64
		Release|x86 = Release|x86
	EndGlobalSection
	GlobalSection(ProjectConfigurationPlatforms) = postSolution
		{38766F61-3556-40CC-9A08-580BBA728422}.Debug|Any CPU.ActiveCfg = Debug|Any CPU
		{38766F61-3556-40CC-9A08-580BBA728422}.Debug|Any CPU.Build.0 = Debug|Any CPU
		{38766F61-3556-40CC-9A08-580BBA728422}.Debug|x64.ActiveCfg = Debug|Any CPU
		{38766F61-3556-40CC-9A08-580BBA728422}.Debug|x64.Build.0 = Debug|Any CPU
		{38766F61-3556-40CC-9A08-580BBA728422}.Debug|x86.ActiveCfg = Debug|Any CPU
		{38766F61-3556-40CC-9A08-580BBA728422}.Debug|x86.Build.0 = Debug|Any CPU
		{38766F61-3556-40CC-9A08-580BBA728422}.Release|Any CPU.ActiveCfg = Release|Any CPU
		{38766F61-3556-40CC-9A08-580BBA728422}.Release|Any CPU.Build.0 = Release|Any CPU
		{38766F61-3556-40CC-9A08-580BBA728422}.Release|x64.ActiveCfg = Release|Any CPU
		{38766F61-3556-40CC-9A08-580BBA728422}.Release|x64.Build.0 = Release|Any CPU
		{38766F61-3556-40CC-9A08-580BBA728422}.Release|x86.ActiveCfg = Release|Any CPU
		{38766F61-3556-40CC-9A08-580BBA728422}.Release|x86.Build.0 = Release|Any CPU
		{5119CD92-F74D-409F-8F11-585F256AB588}.Debug|Any CPU.ActiveCfg = Debug|Any CPU
		{5119CD92-F74D-409F-8F11-585F256AB588}.Debug|Any CPU.Build.0 = Debug|Any CPU
		{5119CD92-F74D-409F-8F11-585F256AB588}.Debug|x64.ActiveCfg = Debug|Any CPU
		{5119CD92-F74D-409F-8F11-585F256AB588}.Debug|x64.Build.0 = Debug|Any CPU
		{5119CD92-F74D-409F-8F11-585F256AB588}.Debug|x86.ActiveCfg = Debug|Any CPU
		{5119CD92-F74D-409F-8F11-585F256AB588}.Debug|x86.Build.0 = Debug|Any CPU
		{5119CD92-F74D-409F-8F11-585F256AB588}.Release|Any CPU.ActiveCfg = Release|Any CPU
		{5119CD92-F74D-409F-8F11-585F256AB588}.Release|Any CPU.Build.0 = Release|Any CPU
		{5119CD92-F74D-409F-8F11-585F256AB588}.Release|x64.ActiveCfg = Release|Any CPU
		{5119CD92-F74D-409F-8F11-585F256AB588}.Release|x64.Build.0 = Release|Any CPU
		{5119CD92-F74D-409F-8F11-585F256AB588}.Release|x86.ActiveCfg = Release|Any CPU
		{5119CD92-F74D-409F-8F11-585F256AB588}.Release|x86.Build.0 = Release|Any CPU
		{87159E37-E859-4F4B-AEAD-EFCA87DF32AE}.Debug|Any CPU.ActiveCfg = Debug|Any CPU
		{87159E37-E859-4F4B-AEAD-EFCA87DF32AE}.Debug|Any CPU.Build.0 = Debug|Any CPU
		{87159E37-E859-4F4B-AEAD-EFCA87DF32AE}.Debug|x64.ActiveCfg = Debug|Any CPU
		{87159E37-E859-4F4B-AEAD-EFCA87DF32AE}.Debug|x64.Build.0 = Debug|Any CPU
		{87159E37-E859-4F4B-AEAD-EFCA87DF32AE}.Debug|x86.ActiveCfg = Debug|Any CPU
		{87159E37-E859-4F4B-AEAD-EFCA87DF32AE}.Debug|x86.Build.0 = Debug|Any CPU
		{87159E37-E859-4F4B-AEAD-EFCA87DF32AE}.Release|Any CPU.ActiveCfg = Release|Any CPU
		{87159E37-E859-4F4B-AEAD-EFCA87DF32AE}.Release|Any CPU.Build.0 = Release|Any CPU
		{87159E37-E859-4F4B-AEAD-EFCA87DF32AE}.Release|x64.ActiveCfg = Release|Any CPU
		{87159E37-E859-4F4B-AEAD-EFCA87DF32AE}.Release|x64.Build.0 = Release|Any CPU
		{87159E37-E859-4F4B-AEAD-EFCA87DF32AE}.Release|x86.ActiveCfg = Release|Any CPU
		{87159E37-E859-4F4B-AEAD-EFCA87DF32AE}.Release|x86.Build.0 = Release|Any CPU
		{CF2155D1-425D-4AE9-A686-A8A9315D201A}.Debug|Any CPU.ActiveCfg = Debug|Any CPU
		{CF2155D1-425D-4AE9-A686-A8A9315D201A}.Debug|Any CPU.Build.0 = Debug|Any CPU
		{CF2155D1-425D-4AE9-A686-A8A9315D201A}.Debug|x64.ActiveCfg = Debug|Any CPU
		{CF2155D1-425D-4AE9-A686-A8A9315D201A}.Debug|x64.Build.0 = Debug|Any CPU
		{CF2155D1-425D-4AE9-A686-A8A9315D201A}.Debug|x86.ActiveCfg = Debug|Any CPU
		{CF2155D1-425D-4AE9-A686-A8A9315D201A}.Debug|x86.Build.0 = Debug|Any CPU
		{CF2155D1-425D-4AE9-A686-A8A9315D201A}.Release|Any CPU.ActiveCfg = Release|Any CPU
		{CF2155D1-425D-4AE9-A686-A8A9315D201A}.Release|Any CPU.Build.0 = Release|Any CPU
		{CF2155D1-425D-4AE9-A686-A8A9315D201A}.Release|x64.ActiveCfg = Release|Any CPU
		{CF2155D1-425D-4AE9-A686-A8A9315D201A}.Release|x64.Build.0 = Release|Any CPU
		{CF2155D1-425D-4AE9-A686-A8A9315D201A}.Release|x86.ActiveCfg = Release|Any CPU
		{CF2155D1-425D-4AE9-A686-A8A9315D201A}.Release|x86.Build.0 = Release|Any CPU
		{28BD7577-ECA7-409E-8F51-8BEF5FC61E64}.Debug|Any CPU.ActiveCfg = Debug|Any CPU
		{28BD7577-ECA7-409E-8F51-8BEF5FC61E64}.Debug|Any CPU.Build.0 = Debug|Any CPU
		{28BD7577-ECA7-409E-8F51-8BEF5FC61E64}.Debug|x64.ActiveCfg = Debug|Any CPU
		{28BD7577-ECA7-409E-8F51-8BEF5FC61E64}.Debug|x64.Build.0 = Debug|Any CPU
		{28BD7577-ECA7-409E-8F51-8BEF5FC61E64}.Debug|x86.ActiveCfg = Debug|Any CPU
		{28BD7577-ECA7-409E-8F51-8BEF5FC61E64}.Debug|x86.Build.0 = Debug|Any CPU
		{28BD7577-ECA7-409E-8F51-8BEF5FC61E64}.Release|Any CPU.ActiveCfg = Release|Any CPU
		{28BD7577-ECA7-409E-8F51-8BEF5FC61E64}.Release|Any CPU.Build.0 = Release|Any CPU
		{28BD7577-ECA7-409E-8F51-8BEF5FC61E64}.Release|x64.ActiveCfg = Release|Any CPU
		{28BD7577-ECA7-409E-8F51-8BEF5FC61E64}.Release|x64.Build.0 = Release|Any CPU
		{28BD7577-ECA7-409E-8F51-8BEF5FC61E64}.Release|x86.ActiveCfg = Release|Any CPU
		{28BD7577-ECA7-409E-8F51-8BEF5FC61E64}.Release|x86.Build.0 = Release|Any CPU
		{A927065B-C26E-4D01-BFDB-DC47E54F0EF1}.Debug|Any CPU.ActiveCfg = Debug|Any CPU
		{A927065B-C26E-4D01-BFDB-DC47E54F0EF1}.Debug|Any CPU.Build.0 = Debug|Any CPU
		{A927065B-C26E-4D01-BFDB-DC47E54F0EF1}.Debug|x64.ActiveCfg = Debug|Any CPU
		{A927065B-C26E-4D01-BFDB-DC47E54F0EF1}.Debug|x64.Build.0 = Debug|Any CPU
		{A927065B-C26E-4D01-BFDB-DC47E54F0EF1}.Debug|x86.ActiveCfg = Debug|Any CPU
		{A927065B-C26E-4D01-BFDB-DC47E54F0EF1}.Debug|x86.Build.0 = Debug|Any CPU
		{A927065B-C26E-4D01-BFDB-DC47E54F0EF1}.Release|Any CPU.ActiveCfg = Release|Any CPU
		{A927065B-C26E-4D01-BFDB-DC47E54F0EF1}.Release|Any CPU.Build.0 = Release|Any CPU
		{A927065B-C26E-4D01-BFDB-DC47E54F0EF1}.Release|x64.ActiveCfg = Release|Any CPU
		{A927065B-C26E-4D01-BFDB-DC47E54F0EF1}.Release|x64.Build.0 = Release|Any CPU
		{A927065B-C26E-4D01-BFDB-DC47E54F0EF1}.Release|x86.ActiveCfg = Release|Any CPU
		{A927065B-C26E-4D01-BFDB-DC47E54F0EF1}.Release|x86.Build.0 = Release|Any CPU
		{15FBDD58-B0DF-4DC6-9D27-11C841281212}.Debug|Any CPU.ActiveCfg = Debug|Any CPU
		{15FBDD58-B0DF-4DC6-9D27-11C841281212}.Debug|Any CPU.Build.0 = Debug|Any CPU
		{15FBDD58-B0DF-4DC6-9D27-11C841281212}.Debug|x64.ActiveCfg = Debug|Any CPU
		{15FBDD58-B0DF-4DC6-9D27-11C841281212}.Debug|x64.Build.0 = Debug|Any CPU
		{15FBDD58-B0DF-4DC6-9D27-11C841281212}.Debug|x86.ActiveCfg = Debug|Any CPU
		{15FBDD58-B0DF-4DC6-9D27-11C841281212}.Debug|x86.Build.0 = Debug|Any CPU
		{15FBDD58-B0DF-4DC6-9D27-11C841281212}.Release|Any CPU.ActiveCfg = Release|Any CPU
		{15FBDD58-B0DF-4DC6-9D27-11C841281212}.Release|Any CPU.Build.0 = Release|Any CPU
		{15FBDD58-B0DF-4DC6-9D27-11C841281212}.Release|x64.ActiveCfg = Release|Any CPU
		{15FBDD58-B0DF-4DC6-9D27-11C841281212}.Release|x64.Build.0 = Release|Any CPU
		{15FBDD58-B0DF-4DC6-9D27-11C841281212}.Release|x86.ActiveCfg = Release|Any CPU
		{15FBDD58-B0DF-4DC6-9D27-11C841281212}.Release|x86.Build.0 = Release|Any CPU
		{17C845FC-FF04-45FC-AC70-A17E00FFE258}.Debug|Any CPU.ActiveCfg = Debug|Any CPU
		{17C845FC-FF04-45FC-AC70-A17E00FFE258}.Debug|Any CPU.Build.0 = Debug|Any CPU
		{17C845FC-FF04-45FC-AC70-A17E00FFE258}.Debug|x64.ActiveCfg = Debug|Any CPU
		{17C845FC-FF04-45FC-AC70-A17E00FFE258}.Debug|x64.Build.0 = Debug|Any CPU
		{17C845FC-FF04-45FC-AC70-A17E00FFE258}.Debug|x86.ActiveCfg = Debug|Any CPU
		{17C845FC-FF04-45FC-AC70-A17E00FFE258}.Debug|x86.Build.0 = Debug|Any CPU
		{17C845FC-FF04-45FC-AC70-A17E00FFE258}.Release|Any CPU.ActiveCfg = Release|Any CPU
		{17C845FC-FF04-45FC-AC70-A17E00FFE258}.Release|Any CPU.Build.0 = Release|Any CPU
		{17C845FC-FF04-45FC-AC70-A17E00FFE258}.Release|x64.ActiveCfg = Release|Any CPU
		{17C845FC-FF04-45FC-AC70-A17E00FFE258}.Release|x64.Build.0 = Release|Any CPU
		{17C845FC-FF04-45FC-AC70-A17E00FFE258}.Release|x86.ActiveCfg = Release|Any CPU
		{17C845FC-FF04-45FC-AC70-A17E00FFE258}.Release|x86.Build.0 = Release|Any CPU
		{D7C47132-AB42-4A2F-8342-35B74DA99328}.Debug|Any CPU.ActiveCfg = Debug|Any CPU
		{D7C47132-AB42-4A2F-8342-35B74DA99328}.Debug|Any CPU.Build.0 = Debug|Any CPU
		{D7C47132-AB42-4A2F-8342-35B74DA99328}.Debug|x64.ActiveCfg = Debug|Any CPU
		{D7C47132-AB42-4A2F-8342-35B74DA99328}.Debug|x64.Build.0 = Debug|Any CPU
		{D7C47132-AB42-4A2F-8342-35B74DA99328}.Debug|x86.ActiveCfg = Debug|Any CPU
		{D7C47132-AB42-4A2F-8342-35B74DA99328}.Debug|x86.Build.0 = Debug|Any CPU
		{D7C47132-AB42-4A2F-8342-35B74DA99328}.Release|Any CPU.ActiveCfg = Release|Any CPU
		{D7C47132-AB42-4A2F-8342-35B74DA99328}.Release|Any CPU.Build.0 = Release|Any CPU
		{D7C47132-AB42-4A2F-8342-35B74DA99328}.Release|x64.ActiveCfg = Release|Any CPU
		{D7C47132-AB42-4A2F-8342-35B74DA99328}.Release|x64.Build.0 = Release|Any CPU
		{D7C47132-AB42-4A2F-8342-35B74DA99328}.Release|x86.ActiveCfg = Release|Any CPU
		{D7C47132-AB42-4A2F-8342-35B74DA99328}.Release|x86.Build.0 = Release|Any CPU
		{28633E57-0CC6-46F8-BB5A-4296B8835556}.Debug|Any CPU.ActiveCfg = Debug|Any CPU
		{28633E57-0CC6-46F8-BB5A-4296B8835556}.Debug|Any CPU.Build.0 = Debug|Any CPU
		{28633E57-0CC6-46F8-BB5A-4296B8835556}.Debug|x64.ActiveCfg = Debug|Any CPU
		{28633E57-0CC6-46F8-BB5A-4296B8835556}.Debug|x64.Build.0 = Debug|Any CPU
		{28633E57-0CC6-46F8-BB5A-4296B8835556}.Debug|x86.ActiveCfg = Debug|Any CPU
		{28633E57-0CC6-46F8-BB5A-4296B8835556}.Debug|x86.Build.0 = Debug|Any CPU
		{28633E57-0CC6-46F8-BB5A-4296B8835556}.Release|Any CPU.ActiveCfg = Release|Any CPU
		{28633E57-0CC6-46F8-BB5A-4296B8835556}.Release|Any CPU.Build.0 = Release|Any CPU
		{28633E57-0CC6-46F8-BB5A-4296B8835556}.Release|x64.ActiveCfg = Release|Any CPU
		{28633E57-0CC6-46F8-BB5A-4296B8835556}.Release|x64.Build.0 = Release|Any CPU
		{28633E57-0CC6-46F8-BB5A-4296B8835556}.Release|x86.ActiveCfg = Release|Any CPU
		{28633E57-0CC6-46F8-BB5A-4296B8835556}.Release|x86.Build.0 = Release|Any CPU
		{A753B7B0-8143-4E6E-A907-7548B11C5BA0}.Debug|Any CPU.ActiveCfg = Debug|Any CPU
		{A753B7B0-8143-4E6E-A907-7548B11C5BA0}.Debug|Any CPU.Build.0 = Debug|Any CPU
		{A753B7B0-8143-4E6E-A907-7548B11C5BA0}.Debug|x64.ActiveCfg = Debug|Any CPU
		{A753B7B0-8143-4E6E-A907-7548B11C5BA0}.Debug|x64.Build.0 = Debug|Any CPU
		{A753B7B0-8143-4E6E-A907-7548B11C5BA0}.Debug|x86.ActiveCfg = Debug|Any CPU
		{A753B7B0-8143-4E6E-A907-7548B11C5BA0}.Debug|x86.Build.0 = Debug|Any CPU
		{A753B7B0-8143-4E6E-A907-7548B11C5BA0}.Release|Any CPU.ActiveCfg = Release|Any CPU
		{A753B7B0-8143-4E6E-A907-7548B11C5BA0}.Release|Any CPU.Build.0 = Release|Any CPU
		{A753B7B0-8143-4E6E-A907-7548B11C5BA0}.Release|x64.ActiveCfg = Release|Any CPU
		{A753B7B0-8143-4E6E-A907-7548B11C5BA0}.Release|x64.Build.0 = Release|Any CPU
		{A753B7B0-8143-4E6E-A907-7548B11C5BA0}.Release|x86.ActiveCfg = Release|Any CPU
		{A753B7B0-8143-4E6E-A907-7548B11C5BA0}.Release|x86.Build.0 = Release|Any CPU
		{A8473522-8822-4AD4-AC2C-BC41E5B39497}.Debug|Any CPU.ActiveCfg = Debug|Any CPU
		{A8473522-8822-4AD4-AC2C-BC41E5B39497}.Debug|Any CPU.Build.0 = Debug|Any CPU
		{A8473522-8822-4AD4-AC2C-BC41E5B39497}.Debug|x64.ActiveCfg = Debug|Any CPU
		{A8473522-8822-4AD4-AC2C-BC41E5B39497}.Debug|x64.Build.0 = Debug|Any CPU
		{A8473522-8822-4AD4-AC2C-BC41E5B39497}.Debug|x86.ActiveCfg = Debug|Any CPU
		{A8473522-8822-4AD4-AC2C-BC41E5B39497}.Debug|x86.Build.0 = Debug|Any CPU
		{A8473522-8822-4AD4-AC2C-BC41E5B39497}.Release|Any CPU.ActiveCfg = Release|Any CPU
		{A8473522-8822-4AD4-AC2C-BC41E5B39497}.Release|Any CPU.Build.0 = Release|Any CPU
		{A8473522-8822-4AD4-AC2C-BC41E5B39497}.Release|x64.ActiveCfg = Release|Any CPU
		{A8473522-8822-4AD4-AC2C-BC41E5B39497}.Release|x64.Build.0 = Release|Any CPU
		{A8473522-8822-4AD4-AC2C-BC41E5B39497}.Release|x86.ActiveCfg = Release|Any CPU
		{A8473522-8822-4AD4-AC2C-BC41E5B39497}.Release|x86.Build.0 = Release|Any CPU
		{FDCEAEF0-F790-4EE0-BF6B-89781911D7EA}.Debug|Any CPU.ActiveCfg = Debug|Any CPU
		{FDCEAEF0-F790-4EE0-BF6B-89781911D7EA}.Debug|Any CPU.Build.0 = Debug|Any CPU
		{FDCEAEF0-F790-4EE0-BF6B-89781911D7EA}.Debug|x64.ActiveCfg = Debug|Any CPU
		{FDCEAEF0-F790-4EE0-BF6B-89781911D7EA}.Debug|x64.Build.0 = Debug|Any CPU
		{FDCEAEF0-F790-4EE0-BF6B-89781911D7EA}.Debug|x86.ActiveCfg = Debug|Any CPU
		{FDCEAEF0-F790-4EE0-BF6B-89781911D7EA}.Debug|x86.Build.0 = Debug|Any CPU
		{FDCEAEF0-F790-4EE0-BF6B-89781911D7EA}.Release|Any CPU.ActiveCfg = Release|Any CPU
		{FDCEAEF0-F790-4EE0-BF6B-89781911D7EA}.Release|Any CPU.Build.0 = Release|Any CPU
		{FDCEAEF0-F790-4EE0-BF6B-89781911D7EA}.Release|x64.ActiveCfg = Release|Any CPU
		{FDCEAEF0-F790-4EE0-BF6B-89781911D7EA}.Release|x64.Build.0 = Release|Any CPU
		{FDCEAEF0-F790-4EE0-BF6B-89781911D7EA}.Release|x86.ActiveCfg = Release|Any CPU
		{FDCEAEF0-F790-4EE0-BF6B-89781911D7EA}.Release|x86.Build.0 = Release|Any CPU
		{2982F6CF-07DD-47CF-9053-96A318F709F3}.Debug|Any CPU.ActiveCfg = Debug|Any CPU
		{2982F6CF-07DD-47CF-9053-96A318F709F3}.Debug|Any CPU.Build.0 = Debug|Any CPU
		{2982F6CF-07DD-47CF-9053-96A318F709F3}.Debug|x64.ActiveCfg = Debug|Any CPU
		{2982F6CF-07DD-47CF-9053-96A318F709F3}.Debug|x64.Build.0 = Debug|Any CPU
		{2982F6CF-07DD-47CF-9053-96A318F709F3}.Debug|x86.ActiveCfg = Debug|Any CPU
		{2982F6CF-07DD-47CF-9053-96A318F709F3}.Debug|x86.Build.0 = Debug|Any CPU
		{2982F6CF-07DD-47CF-9053-96A318F709F3}.Release|Any CPU.ActiveCfg = Release|Any CPU
		{2982F6CF-07DD-47CF-9053-96A318F709F3}.Release|Any CPU.Build.0 = Release|Any CPU
		{2982F6CF-07DD-47CF-9053-96A318F709F3}.Release|x64.ActiveCfg = Release|Any CPU
		{2982F6CF-07DD-47CF-9053-96A318F709F3}.Release|x64.Build.0 = Release|Any CPU
		{2982F6CF-07DD-47CF-9053-96A318F709F3}.Release|x86.ActiveCfg = Release|Any CPU
		{2982F6CF-07DD-47CF-9053-96A318F709F3}.Release|x86.Build.0 = Release|Any CPU
		{1D040D40-25F9-45D1-B8A3-7368908DA043}.Debug|Any CPU.ActiveCfg = Debug|Any CPU
		{1D040D40-25F9-45D1-B8A3-7368908DA043}.Debug|Any CPU.Build.0 = Debug|Any CPU
		{1D040D40-25F9-45D1-B8A3-7368908DA043}.Debug|x64.ActiveCfg = Debug|Any CPU
		{1D040D40-25F9-45D1-B8A3-7368908DA043}.Debug|x64.Build.0 = Debug|Any CPU
		{1D040D40-25F9-45D1-B8A3-7368908DA043}.Debug|x86.ActiveCfg = Debug|Any CPU
		{1D040D40-25F9-45D1-B8A3-7368908DA043}.Debug|x86.Build.0 = Debug|Any CPU
		{1D040D40-25F9-45D1-B8A3-7368908DA043}.Release|Any CPU.ActiveCfg = Release|Any CPU
		{1D040D40-25F9-45D1-B8A3-7368908DA043}.Release|Any CPU.Build.0 = Release|Any CPU
		{1D040D40-25F9-45D1-B8A3-7368908DA043}.Release|x64.ActiveCfg = Release|Any CPU
		{1D040D40-25F9-45D1-B8A3-7368908DA043}.Release|x64.Build.0 = Release|Any CPU
		{1D040D40-25F9-45D1-B8A3-7368908DA043}.Release|x86.ActiveCfg = Release|Any CPU
		{1D040D40-25F9-45D1-B8A3-7368908DA043}.Release|x86.Build.0 = Release|Any CPU
		{6A5F5A5C-64A6-4D3C-89A8-7E1A9191A6E2}.Debug|Any CPU.ActiveCfg = Debug|Any CPU
		{6A5F5A5C-64A6-4D3C-89A8-7E1A9191A6E2}.Debug|Any CPU.Build.0 = Debug|Any CPU
	EndGlobalSection
	GlobalSection(SolutionProperties) = preSolution
		HideSolutionNode = FALSE
	EndGlobalSection
	GlobalSection(NestedProjects) = preSolution
		{32D1B9E3-A702-4513-AC74-E76432A88F02} = {B73B80C0-109C-41E1-8FC3-ECBFDB3F0344}
		{38766F61-3556-40CC-9A08-580BBA728422} = {32D1B9E3-A702-4513-AC74-E76432A88F02}
		{C531BACD-38A8-0C3F-351D-3D453C08E313} = {B73B80C0-109C-41E1-8FC3-ECBFDB3F0344}
		{5119CD92-F74D-409F-8F11-585F256AB588} = {B73B80C0-109C-41E1-8FC3-ECBFDB3F0344}
		{87159E37-E859-4F4B-AEAD-EFCA87DF32AE} = {0FE31838-4DB5-4B47-BC10-DF05027E7FCC}
		{CF2155D1-425D-4AE9-A686-A8A9315D201A} = {C531BACD-38A8-0C3F-351D-3D453C08E313}
		{28BD7577-ECA7-409E-8F51-8BEF5FC61E64} = {32D1B9E3-A702-4513-AC74-E76432A88F02}
		{0FE31838-4DB5-4B47-BC10-DF05027E7FCC} = {B73B80C0-109C-41E1-8FC3-ECBFDB3F0344}
		{A927065B-C26E-4D01-BFDB-DC47E54F0EF1} = {32D1B9E3-A702-4513-AC74-E76432A88F02}
		{15FBDD58-B0DF-4DC6-9D27-11C841281212} = {0AB3BF05-4346-4AA6-1389-037BE0695223}
		{A8473522-8822-4AD4-AC2C-BC41E5B39497} = {0AB3BF05-4346-4AA6-1389-037BE0695223}
		{A84D4A6A-1745-4C53-81F2-D8380EC05949} = {B73B80C0-109C-41E1-8FC3-ECBFDB3F0344}
		{FDCEAEF0-F790-4EE0-BF6B-89781911D7EA} = {A84D4A6A-1745-4C53-81F2-D8380EC05949}
		{2982F6CF-07DD-47CF-9053-96A318F709F3} = {0AB3BF05-4346-4AA6-1389-037BE0695223}
		{17C845FC-FF04-45FC-AC70-A17E00FFE258} = {0AB3BF05-4346-4AA6-1389-037BE0695223}
		{1D040D40-25F9-45D1-B8A3-7368908DA043} = {0AB3BF05-4346-4AA6-1389-037BE0695223}
		{6A5F5A5C-64A6-4D3C-89A8-7E1A9191A6E2} = {0AB3BF05-4346-4AA6-1389-037BE0695223}
		{D7C47132-AB42-4A2F-8342-35B74DA99328} = {32D1B9E3-A702-4513-AC74-E76432A88F02}
		{28633E57-0CC6-46F8-BB5A-4296B8835556} = {0AB3BF05-4346-4AA6-1389-037BE0695223}
		{A753B7B0-8143-4E6E-A907-7548B11C5BA0} = {0AB3BF05-4346-4AA6-1389-037BE0695223}
	EndGlobalSection
EndGlobal
